
Microsoft Visual Studio Solution File, Format Version 12.00
# Visual Studio Version 16
VisualStudioVersion = 16.0.31129.286
MinimumVisualStudioVersion = 10.0.40219.1
Project("{FAE04EC0-301F-11D3-BF4B-00C04F79EFBC}") = "Tenpenny", "Tenpenny\Tenpenny.csproj", "{6B10CB7E-B7CC-4C27-A13F-94D144C4CEE2}"
EndProject
Global
	GlobalSection(SolutionConfigurationPlatforms) = preSolution
		Debug|Any CPU = Debug|Any CPU
		Release|Any CPU = Release|Any CPU
	EndGlobalSection
	GlobalSection(ProjectConfigurationPlatforms) = postSolution
		{6B10CB7E-B7CC-4C27-A13F-94D144C4CEE2}.Debug|Any CPU.ActiveCfg = Debug|Any CPU
		{6B10CB7E-B7CC-4C27-A13F-94D144C4CEE2}.Debug|Any CPU.Build.0 = Debug|Any CPU
		{6B10CB7E-B7CC-4C27-A13F-94D144C4CEE2}.Release|Any CPU.ActiveCfg = Release|Any CPU
		{6B10CB7E-B7CC-4C27-A13F-94D144C4CEE2}.Release|Any CPU.Build.0 = Release|Any CPU
	EndGlobalSection
	GlobalSection(SolutionProperties) = preSolution
		HideSolutionNode = FALSE
	EndGlobalSection
	GlobalSection(ExtensibilityGlobals) = postSolution
		SolutionGuid = {6206757B-FEC4-4FF7-B673-F0D59D38F254}
	EndGlobalSection
EndGlobal
